
Microsoft Visual Studio Solution File, Format Version 12.00
Project("{FAE04EC0-301F-11D3-BF4B-00C04F79EFBC}") = "FarEdit", "FarEdit\FarEdit.csproj", "{B3C06971-74AB-4768-99F4-9139F257745C}"
EndProject
Project("{FAE04EC0-301F-11D3-BF4B-00C04F79EFBC}") = "FarEdit.Core", "FarEdit.Core\FarEdit.Core.csproj", "{4777D297-25A1-4ADD-89EF-CC5B674DEF3A}"
EndProject
Global
	GlobalSection(SolutionConfigurationPlatforms) = preSolution
		Debug|Any CPU = Debug|Any CPU
		Release|Any CPU = Release|Any CPU
	EndGlobalSection
	GlobalSection(ProjectConfigurationPlatforms) = postSolution
		{B3C06971-74AB-4768-99F4-9139F257745C}.Debug|Any CPU.ActiveCfg = Debug|Any CPU
		{B3C06971-74AB-4768-99F4-9139F257745C}.Debug|Any CPU.Build.0 = Debug|Any CPU
		{B3C06971-74AB-4768-99F4-9139F257745C}.Release|Any CPU.ActiveCfg = Release|Any CPU
		{B3C06971-74AB-4768-99F4-9139F257745C}.Release|Any CPU.Build.0 = Release|Any CPU
		{4777D297-25A1-4ADD-89EF-CC5B674DEF3A}.Debug|Any CPU.ActiveCfg = Debug|Any CPU
		{4777D297-25A1-4ADD-89EF-CC5B674DEF3A}.Debug|Any CPU.Build.0 = Debug|Any CPU
		{4777D297-25A1-4ADD-89EF-CC5B674DEF3A}.Release|Any CPU.ActiveCfg = Release|Any CPU
		{4777D297-25A1-4ADD-89EF-CC5B674DEF3A}.Release|Any CPU.Build.0 = Release|Any CPU
	EndGlobalSection
EndGlobal
